// !$*UTF8*$!
{
	archiveVersion = 1;
	classes = {
	};
	objectVersion = 50;
	objects = {

/* Begin PBXBuildFile section */
		3619A2822216AF330071220F /* AppDelegate.swift in Sources */ = {isa = PBXBuildFile; fileRef = 3619A2812216AF330071220F /* AppDelegate.swift */; };
		3619A2872216AF330071220F /* Main.storyboard in Resources */ = {isa = PBXBuildFile; fileRef = 3619A2852216AF330071220F /* Main.storyboard */; };
		3619A2892216AF3C0071220F /* Assets.xcassets in Resources */ = {isa = PBXBuildFile; fileRef = 3619A2882216AF3C0071220F /* Assets.xcassets */; };
		3619A28C2216AF3C0071220F /* LaunchScreen.storyboard in Resources */ = {isa = PBXBuildFile; fileRef = 3619A28A2216AF3C0071220F /* LaunchScreen.storyboard */; };
		3619A2972216AF3C0071220F /* UITableViewTests.swift in Sources */ = {isa = PBXBuildFile; fileRef = 3619A2962216AF3C0071220F /* UITableViewTests.swift */; };
		3619A2A22216AF3D0071220F /* UITableViewUITests.swift in Sources */ = {isa = PBXBuildFile; fileRef = 3619A2A12216AF3D0071220F /* UITableViewUITests.swift */; };
		3619A2B02216B1AB0071220F /* TableViewController.swift in Sources */ = {isa = PBXBuildFile; fileRef = 3619A2AF2216B1AB0071220F /* TableViewController.swift */; };
/* End PBXBuildFile section */

/* Begin PBXContainerItemProxy section */
		3619A2932216AF3C0071220F /* PBXContainerItemProxy */ = {
			isa = PBXContainerItemProxy;
			containerPortal = 3619A2762216AF330071220F /* Project object */;
			proxyType = 1;
			remoteGlobalIDString = 3619A27D2216AF330071220F;
			remoteInfo = UITableView;
		};
		3619A29E2216AF3D0071220F /* PBXContainerItemProxy */ = {
			isa = PBXContainerItemProxy;
			containerPortal = 3619A2762216AF330071220F /* Project object */;
			proxyType = 1;
			remoteGlobalIDString = 3619A27D2216AF330071220F;
			remoteInfo = UITableView;
		};
/* End PBXContainerItemProxy section */

/* Begin PBXFileReference section */
		3619A27E2216AF330071220F /* UITableView.app */ = {isa = PBXFileReference; explicitFileType = wrapper.application; includeInIndex = 0; path = UITableView.app; sourceTree = BUILT_PRODUCTS_DIR; };
		3619A2812216AF330071220F /* AppDelegate.swift */ = {isa = PBXFileReference; lastKnownFileType = sourcecode.swift; path = AppDelegate.swift; sourceTree = "<group>"; };
		3619A2862216AF330071220F /* Base */ = {isa = PBXFileReference; lastKnownFileType = file.storyboard; name = Base; path = Base.lproj/Main.storyboard; sourceTree = "<group>"; };
		3619A2882216AF3C0071220F /* Assets.xcassets */ = {isa = PBXFileReference; lastKnownFileType = folder.assetcatalog; path = Assets.xcassets; sourceTree = "<group>"; };
		3619A28B2216AF3C0071220F /* Base */ = {isa = PBXFileReference; lastKnownFileType = file.storyboard; name = Base; path = Base.lproj/LaunchScreen.storyboard; sourceTree = "<group>"; };
		3619A28D2216AF3C0071220F /* Info.plist */ = {isa = PBXFileReference; lastKnownFileType = text.plist.xml; path = Info.plist; sourceTree = "<group>"; };
		3619A2922216AF3C0071220F /* UITableViewTests.xctest */ = {isa = PBXFileReference; explicitFileType = wrapper.cfbundle; includeInIndex = 0; path = UITableViewTests.xctest; sourceTree = BUILT_PRODUCTS_DIR; };
		3619A2962216AF3C0071220F /* UITableViewTests.swift */ = {isa = PBXFileReference; lastKnownFileType = sourcecode.swift; path = UITableViewTests.swift; sourceTree = "<group>"; };
		3619A2982216AF3D0071220F /* Info.plist */ = {isa = PBXFileReference; lastKnownFileType = text.plist.xml; path = Info.plist; sourceTree = "<group>"; };
		3619A29D2216AF3D0071220F /* UITableViewUITests.xctest */ = {isa = PBXFileReference; explicitFileType = wrapper.cfbundle; includeInIndex = 0; path = UITableViewUITests.xctest; sourceTree = BUILT_PRODUCTS_DIR; };
		3619A2A12216AF3D0071220F /* UITableViewUITests.swift */ = {isa = PBXFileReference; lastKnownFileType = sourcecode.swift; path = UITableViewUITests.swift; sourceTree = "<group>"; };
		3619A2A32216AF3D0071220F /* Info.plist */ = {isa = PBXFileReference; lastKnownFileType = text.plist.xml; path = Info.plist; sourceTree = "<group>"; };
		3619A2AF2216B1AB0071220F /* TableViewController.swift */ = {isa = PBXFileReference; lastKnownFileType = sourcecode.swift; path = TableViewController.swift; sourceTree = "<group>"; };
/* End PBXFileReference section */

/* Begin PBXFrameworksBuildPhase section */
		3619A27B2216AF330071220F /* Frameworks */ = {
			isa = PBXFrameworksBuildPhase;
			buildActionMask = 2147483647;
			files = (
			);
			runOnlyForDeploymentPostprocessing = 0;
		};
		3619A28F2216AF3C0071220F /* Frameworks */ = {
			isa = PBXFrameworksBuildPhase;
			buildActionMask = 2147483647;
			files = (
			);
			runOnlyForDeploymentPostprocessing = 0;
		};
		3619A29A2216AF3D0071220F /* Frameworks */ = {
			isa = PBXFrameworksBuildPhase;
			buildActionMask = 2147483647;
			files = (
			);
			runOnlyForDeploymentPostprocessing = 0;
		};
/* End PBXFrameworksBuildPhase section */

/* Begin PBXGroup section */
		3619A2752216AF330071220F = {
			isa = PBXGroup;
			children = (
				3619A2802216AF330071220F /* UITableView */,
				3619A2952216AF3C0071220F /* UITableViewTests */,
				3619A2A02216AF3D0071220F /* UITableViewUITests */,
				3619A27F2216AF330071220F /* Products */,
			);
			sourceTree = "<group>";
		};
		3619A27F2216AF330071220F /* Products */ = {
			isa = PBXGroup;
			children = (
				3619A27E2216AF330071220F /* UITableView.app */,
				3619A2922216AF3C0071220F /* UITableViewTests.xctest */,
				3619A29D2216AF3D0071220F /* UITableViewUITests.xctest */,
			);
			name = Products;
			sourceTree = "<group>";
		};
		3619A2802216AF330071220F /* UITableView */ = {
			isa = PBXGroup;
			children = (
				3619A2812216AF330071220F /* AppDelegate.swift */,
				3619A2852216AF330071220F /* Main.storyboard */,
				3619A2AF2216B1AB0071220F /* TableViewController.swift */,
				3619A2882216AF3C0071220F /* Assets.xcassets */,
				3619A28A2216AF3C0071220F /* LaunchScreen.storyboard */,
				3619A28D2216AF3C0071220F /* Info.plist */,
			);
			path = UITableView;
			sourceTree = "<group>";
		};
		3619A2952216AF3C0071220F /* UITableViewTests */ = {
			isa = PBXGroup;
			children = (
				3619A2962216AF3C0071220F /* UITableViewTests.swift */,
				3619A2982216AF3D0071220F /* Info.plist */,
			);
			path = UITableViewTests;
			sourceTree = "<group>";
		};
		3619A2A02216AF3D0071220F /* UITableViewUITests */ = {
			isa = PBXGroup;
			children = (
				3619A2A12216AF3D0071220F /* UITableViewUITests.swift */,
				3619A2A32216AF3D0071220F /* Info.plist */,
			);
			path = UITableViewUITests;
			sourceTree = "<group>";
		};
/* End PBXGroup section */

/* Begin PBXNativeTarget section */
		3619A27D2216AF330071220F /* UITableView */ = {
			isa = PBXNativeTarget;
			buildConfigurationList = 3619A2A62216AF3D0071220F /* Build configuration list for PBXNativeTarget "UITableView" */;
			buildPhases = (
				3619A27A2216AF330071220F /* Sources */,
				3619A27B2216AF330071220F /* Frameworks */,
				3619A27C2216AF330071220F /* Resources */,
			);
			buildRules = (
			);
			dependencies = (
			);
			name = UITableView;
			productName = UITableView;
			productReference = 3619A27E2216AF330071220F /* UITableView.app */;
			productType = "com.apple.product-type.application";
		};
		3619A2912216AF3C0071220F /* UITableViewTests */ = {
			isa = PBXNativeTarget;
			buildConfigurationList = 3619A2A92216AF3D0071220F /* Build configuration list for PBXNativeTarget "UITableViewTests" */;
			buildPhases = (
				3619A28E2216AF3C0071220F /* Sources */,
				3619A28F2216AF3C0071220F /* Frameworks */,
				3619A2902216AF3C0071220F /* Resources */,
			);
			buildRules = (
			);
			dependencies = (
				3619A2942216AF3C0071220F /* PBXTargetDependency */,
			);
			name = UITableViewTests;
			productName = UITableViewTests;
			productReference = 3619A2922216AF3C0071220F /* UITableViewTests.xctest */;
			productType = "com.apple.product-type.bundle.unit-test";
		};
		3619A29C2216AF3D0071220F /* UITableViewUITests */ = {
			isa = PBXNativeTarget;
			buildConfigurationList = 3619A2AC2216AF3D0071220F /* Build configuration list for PBXNativeTarget "UITableViewUITests" */;
			buildPhases = (
				3619A2992216AF3D0071220F /* Sources */,
				3619A29A2216AF3D0071220F /* Frameworks */,
				3619A29B2216AF3D0071220F /* Resources */,
			);
			buildRules = (
			);
			dependencies = (
				3619A29F2216AF3D0071220F /* PBXTargetDependency */,
			);
			name = UITableViewUITests;
			productName = UITableViewUITests;
			productReference = 3619A29D2216AF3D0071220F /* UITableViewUITests.xctest */;
			productType = "com.apple.product-type.bundle.ui-testing";
		};
/* End PBXNativeTarget section */

/* Begin PBXProject section */
		3619A2762216AF330071220F /* Project object */ = {
			isa = PBXProject;
			attributes = {
				LastSwiftUpdateCheck = 1010;
				LastUpgradeCheck = 1010;
				ORGANIZATIONNAME = sirius;
				TargetAttributes = {
					3619A27D2216AF330071220F = {
						CreatedOnToolsVersion = 10.1;
					};
					3619A2912216AF3C0071220F = {
						CreatedOnToolsVersion = 10.1;
						TestTargetID = 3619A27D2216AF330071220F;
					};
					3619A29C2216AF3D0071220F = {
						CreatedOnToolsVersion = 10.1;
						TestTargetID = 3619A27D2216AF330071220F;
					};
				};
			};
			buildConfigurationList = 3619A2792216AF330071220F /* Build configuration list for PBXProject "UITableView" */;
			compatibilityVersion = "Xcode 9.3";
			developmentRegion = en;
			hasScannedForEncodings = 0;
			knownRegions = (
				en,
				Base,
			);
			mainGroup = 3619A2752216AF330071220F;
			productRefGroup = 3619A27F2216AF330071220F /* Products */;
			projectDirPath = "";
			projectRoot = "";
			targets = (
				3619A27D2216AF330071220F /* UITableView */,
				3619A2912216AF3C0071220F /* UITableViewTests */,
				3619A29C2216AF3D0071220F /* UITableViewUITests */,
			);
		};
/* End PBXProject section */

/* Begin PBXResourcesBuildPhase section */
		3619A27C2216AF330071220F /* Resources */ = {
			isa = PBXResourcesBuildPhase;
			buildActionMask = 2147483647;
			files = (
				3619A28C2216AF3C0071220F /* LaunchScreen.storyboard in Resources */,
				3619A2892216AF3C0071220F /* Assets.xcassets in Resources */,
				3619A2872216AF330071220F /* Main.storyboard in Resources */,
			);
			runOnlyForDeploymentPostprocessing = 0;
		};
		3619A2902216AF3C0071220F /* Resources */ = {
			isa = PBXResourcesBuildPhase;
			buildActionMask = 2147483647;
			files = (
			);
			runOnlyForDeploymentPostprocessing = 0;
		};
		3619A29B2216AF3D0071220F /* Resources */ = {
			isa = PBXResourcesBuildPhase;
			buildActionMask = 2147483647;
			files = (
			);
			runOnlyForDeploymentPostprocessing = 0;
		};
/* End PBXResourcesBuildPhase section */

/* Begin PBXSourcesBuildPhase section */
		3619A27A2216AF330071220F /* Sources */ = {
			isa = PBXSourcesBuildPhase;
			buildActionMask = 2147483647;
			files = (
				3619A2822216AF330071220F /* AppDelegate.swift in Sources */,
				3619A2B02216B1AB0071220F /* TableViewController.swift in Sources */,
			);
			runOnlyForDeploymentPostprocessing = 0;
		};
		3619A28E2216AF3C0071220F /* Sources */ = {
			isa = PBXSourcesBuildPhase;
			buildActionMask = 2147483647;
			files = (
				3619A2972216AF3C0071220F /* UITableViewTests.swift in Sources */,
			);
			runOnlyForDeploymentPostprocessing = 0;
		};
		3619A2992216AF3D0071220F /* Sources */ = {
			isa = PBXSourcesBuildPhase;
			buildActionMask = 2147483647;
			files = (
				3619A2A22216AF3D0071220F /* UITableViewUITests.swift in Sources */,
			);
			runOnlyForDeploymentPostprocessing = 0;
		};
/* End PBXSourcesBuildPhase section */

/* Begin PBXTargetDependency section */
		3619A2942216AF3C0071220F /* PBXTargetDependency */ = {
			isa = PBXTargetDependency;
			target = 3619A27D2216AF330071220F /* UITableView */;
			targetProxy = 3619A2932216AF3C0071220F /* PBXContainerItemProxy */;
		};
		3619A29F2216AF3D0071220F /* PBXTargetDependency */ = {
			isa = PBXTargetDependency;
			target = 3619A27D2216AF330071220F /* UITableView */;
			targetProxy = 3619A29E2216AF3D0071220F /* PBXContainerItemProxy */;
		};
/* End PBXTargetDependency section */

/* Begin PBXVariantGroup section */
		3619A2852216AF330071220F /* Main.storyboard */ = {
			isa = PBXVariantGroup;
			children = (
				3619A2862216AF330071220F /* Base */,
			);
			name = Main.storyboard;
			sourceTree = "<group>";
		};
		3619A28A2216AF3C0071220F /* LaunchScreen.storyboard */ = {
			isa = PBXVariantGroup;
			children = (
				3619A28B2216AF3C0071220F /* Base */,
			);
			name = LaunchScreen.storyboard;
			sourceTree = "<group>";
		};
/* End PBXVariantGroup section */

/* Begin XCBuildConfiguration section */
		3619A2A42216AF3D0071220F /* Debug */ = {
			isa = XCBuildConfiguration;
			buildSettings = {
				ALWAYS_SEARCH_USER_PATHS = NO;
				CLANG_ANALYZER_NONNULL = YES;
				CLANG_ANALYZER_NUMBER_OBJECT_CONVERSION = YES_AGGRESSIVE;
				CLANG_CXX_LANGUAGE_STANDARD = "gnu++14";
				CLANG_CXX_LIBRARY = "libc++";
				CLANG_ENABLE_MODULES = YES;
				CLANG_ENABLE_OBJC_ARC = YES;
				CLANG_ENABLE_OBJC_WEAK = YES;
				CLANG_WARN_BLOCK_CAPTURE_AUTORELEASING = YES;
				CLANG_WARN_BOOL_CONVERSION = YES;
				CLANG_WARN_COMMA = YES;
				CLANG_WARN_CONSTANT_CONVERSION = YES;
				CLANG_WARN_DEPRECATED_OBJC_IMPLEMENTATIONS = YES;
				CLANG_WARN_DIRECT_OBJC_ISA_USAGE = YES_ERROR;
				CLANG_WARN_DOCUMENTATION_COMMENTS = YES;
				CLANG_WARN_EMPTY_BODY = YES;
				CLANG_WARN_ENUM_CONVERSION = YES;
				CLANG_WARN_INFINITE_RECURSION = YES;
				CLANG_WARN_INT_CONVERSION = YES;
				CLANG_WARN_NON_LITERAL_NULL_CONVERSION = YES;
				CLANG_WARN_OBJC_IMPLICIT_RETAIN_SELF = YES;
				CLANG_WARN_OBJC_LITERAL_CONVERSION = YES;
				CLANG_WARN_OBJC_ROOT_CLASS = YES_ERROR;
				CLANG_WARN_RANGE_LOOP_ANALYSIS = YES;
				CLANG_WARN_STRICT_PROTOTYPES = YES;
				CLANG_WARN_SUSPICIOUS_MOVE = YES;
				CLANG_WARN_UNGUARDED_AVAILABILITY = YES_AGGRESSIVE;
				CLANG_WARN_UNREACHABLE_CODE = YES;
				CLANG_WARN__DUPLICATE_METHOD_MATCH = YES;
				CODE_SIGN_IDENTITY = "iPhone Developer";
				COPY_PHASE_STRIP = NO;
				DEBUG_INFORMATION_FORMAT = dwarf;
				ENABLE_STRICT_OBJC_MSGSEND = YES;
				ENABLE_TESTABILITY = YES;
				GCC_C_LANGUAGE_STANDARD = gnu11;
				GCC_DYNAMIC_NO_PIC = NO;
				GCC_NO_COMMON_BLOCKS = YES;
				GCC_OPTIMIZATION_LEVEL = 0;
				GCC_PREPROCESSOR_DEFINITIONS = (
					"DEBUG=1",
					"$(inherited)",
				);
				GCC_WARN_64_TO_32_BIT_CONVERSION = YES;
				GCC_WARN_ABOUT_RETURN_TYPE = YES_ERROR;
				GCC_WARN_UNDECLARED_SELECTOR = YES;
				GCC_WARN_UNINITIALIZED_AUTOS = YES_AGGRESSIVE;
				GCC_WARN_UNUSED_FUNCTION = YES;
				GCC_WARN_UNUSED_VARIABLE = YES;
				IPHONEOS_DEPLOYMENT_TARGET = 12.1;
				MTL_ENABLE_DEBUG_INFO = INCLUDE_SOURCE;
				MTL_FAST_MATH = YES;
				ONLY_ACTIVE_ARCH = YES;
				SDKROOT = iphoneos;
				SWIFT_ACTIVE_COMPILATION_CONDITIONS = DEBUG;
				SWIFT_OPTIMIZATION_LEVEL = "-Onone";
			};
			name = Debug;
		};
		3619A2A52216AF3D0071220F /* Release */ = {
			isa = XCBuildConfiguration;
			buildSettings = {
				ALWAYS_SEARCH_USER_PATHS = NO;
				CLANG_ANALYZER_NONNULL = YES;
				CLANG_ANALYZER_NUMBER_OBJECT_CONVERSION = YES_AGGRESSIVE;
				CLANG_CXX_LANGUAGE_STANDARD = "gnu++14";
				CLANG_CXX_LIBRARY = "libc++";
				CLANG_ENABLE_MODULES = YES;
				CLANG_ENABLE_OBJC_ARC = YES;
				CLANG_ENABLE_OBJC_WEAK = YES;
				CLANG_WARN_BLOCK_CAPTURE_AUTORELEASING = YES;
				CLANG_WARN_BOOL_CONVERSION = YES;
				CLANG_WARN_COMMA = YES;
				CLANG_WARN_CONSTANT_CONVERSION = YES;
				CLANG_WARN_DEPRECATED_OBJC_IMPLEMENTATIONS = YES;
				CLANG_WARN_DIRECT_OBJC_ISA_USAGE = YES_ERROR;
				CLANG_WARN_DOCUMENTATION_COMMENTS = YES;
				CLANG_WARN_EMPTY_BODY = YES;
				CLANG_WARN_ENUM_CONVERSION = YES;
				CLANG_WARN_INFINITE_RECURSION = YES;
				CLANG_WARN_INT_CONVERSION = YES;
				CLANG_WARN_NON_LITERAL_NULL_CONVERSION = YES;
				CLANG_WARN_OBJC_IMPLICIT_RETAIN_SELF = YES;
				CLANG_WARN_OBJC_LITERAL_CONVERSION = YES;
				CLANG_WARN_OBJC_ROOT_CLASS = YES_ERROR;
				CLANG_WARN_RANGE_LOOP_ANALYSIS = YES;
				CLANG_WARN_STRICT_PROTOTYPES = YES;
				CLANG_WARN_SUSPICIOUS_MOVE = YES;
				CLANG_WARN_UNGUARDED_AVAILABILITY = YES_AGGRESSIVE;
				CLANG_WARN_UNREACHABLE_CODE = YES;
				CLANG_WARN__DUPLICATE_METHOD_MATCH = YES;
				CODE_SIGN_IDENTITY = "iPhone Developer";
				COPY_PHASE_STRIP = NO;
				DEBUG_INFORMATION_FORMAT = "dwarf-with-dsym";
				ENABLE_NS_ASSERTIONS = NO;
				ENABLE_STRICT_OBJC_MSGSEND = YES;
				GCC_C_LANGUAGE_STANDARD = gnu11;
				GCC_NO_COMMON_BLOCKS = YES;
				GCC_WARN_64_TO_32_BIT_CONVERSION = YES;
				GCC_WARN_ABOUT_RETURN_TYPE = YES_ERROR;
				GCC_WARN_UNDECLARED_SELECTOR = YES;
				GCC_WARN_UNINITIALIZED_AUTOS = YES_AGGRESSIVE;
				GCC_WARN_UNUSED_FUNCTION = YES;
				GCC_WARN_UNUSED_VARIABLE = YES;
				IPHONEOS_DEPLOYMENT_TARGET = 12.1;
				MTL_ENABLE_DEBUG_INFO = NO;
				MTL_FAST_MATH = YES;
				SDKROOT = iphoneos;
				SWIFT_COMPILATION_MODE = wholemodule;
				SWIFT_OPTIMIZATION_LEVEL = "-O";
				VALIDATE_PRODUCT = YES;
			};
			name = Release;
		};
		3619A2A72216AF3D0071220F /* Debug */ = {
			isa = XCBuildConfiguration;
			buildSettings = {
				ASSETCATALOG_COMPILER_APPICON_NAME = AppIcon;
				CODE_SIGN_STYLE = Automatic;
				INFOPLIST_FILE = UITableView/Info.plist;
				LD_RUNPATH_SEARCH_PATHS = (
					"$(inherited)",
					"@executable_path/Frameworks",
				);
				PRODUCT_BUNDLE_IDENTIFIER = sirius.UITableView;
				PRODUCT_NAME = "$(TARGET_NAME)";
				SWIFT_VERSION = 4.2;
				TARGETED_DEVICE_FAMILY = "1,2";
			};
			name = Debug;
		};
		3619A2A82216AF3D0071220F /* Release */ = {
			isa = XCBuildConfiguration;
			buildSettings = {
				ASSETCATALOG_COMPILER_APPICON_NAME = AppIcon;
				CODE_SIGN_STYLE = Automatic;
				INFOPLIST_FILE = UITableView/Info.plist;
				LD_RUNPATH_SEARCH_PATHS = (
					"$(inherited)",
					"@executable_path/Frameworks",
				);
				PRODUCT_BUNDLE_IDENTIFIER = sirius.UITableView;
				PRODUCT_NAME = "$(TARGET_NAME)";
				SWIFT_VERSION = 4.2;
				TARGETED_DEVICE_FAMILY = "1,2";
			};
			name = Release;
		};
		3619A2AA2216AF3D0071220F /* Debug */ = {
			isa = XCBuildConfiguration;
			buildSettings = {
				ALWAYS_EMBED_SWIFT_STANDARD_LIBRARIES = YES;
				BUNDLE_LOADER = "$(TEST_HOST)";
				CODE_SIGN_STYLE = Automatic;
				INFOPLIST_FILE = UITableViewTests/Info.plist;
				LD_RUNPATH_SEARCH_PATHS = (
					"$(inherited)",
					"@executable_path/Frameworks",
					"@loader_path/Frameworks",
				);
				PRODUCT_BUNDLE_IDENTIFIER = sirius.UITableViewTests;
				PRODUCT_NAME = "$(TARGET_NAME)";
				SWIFT_VERSION = 4.2;
				TARGETED_DEVICE_FAMILY = "1,2";
				TEST_HOST = "$(BUILT_PRODUCTS_DIR)/UITableView.app/UITableView";
			};
			name = Debug;
		};
		3619A2AB2216AF3D0071220F /* Release */ = {
			isa = XCBuildConfiguration;
			buildSettings = {
				ALWAYS_EMBED_SWIFT_STANDARD_LIBRARIES = YES;
				BUNDLE_LOADER = "$(TEST_HOST)";
				CODE_SIGN_STYLE = Automatic;
				INFOPLIST_FILE = UITableViewTests/Info.plist;
				LD_RUNPATH_SEARCH_PATHS = (
					"$(inherited)",
					"@executable_path/Frameworks",
					"@loader_path/Frameworks",
				);
				PRODUCT_BUNDLE_IDENTIFIER = sirius.UITableViewTests;
				PRODUCT_NAME = "$(TARGET_NAME)";
				SWIFT_VERSION = 4.2;
				TARGETED_DEVICE_FAMILY = "1,2";
				TEST_HOST = "$(BUILT_PRODUCTS_DIR)/UITableView.app/UITableView";
			};
			name = Release;
		};
		3619A2AD2216AF3D0071220F /* Debug */ = {
			isa = XCBuildConfiguration;
			buildSettings = {
				ALWAYS_EMBED_SWIFT_STANDARD_LIBRARIES = YES;
				CODE_SIGN_STYLE = Automatic;
				INFOPLIST_FILE = UITableViewUITests/Info.plist;
				LD_RUNPATH_SEARCH_PATHS = (
					"$(inherited)",
					"@executable_path/Frameworks",
					"@loader_path/Frameworks",
				);
				PRODUCT_BUNDLE_IDENTIFIER = sirius.UITableViewUITests;
				PRODUCT_NAME = "$(TARGET_NAME)";
				SWIFT_VERSION = 4.2;
				TARGETED_DEVICE_FAMILY = "1,2";
				TEST_TARGET_NAME = UITableView;
			};
			name = Debug;
		};
		3619A2AE2216AF3D0071220F /* Release */ = {
			isa = XCBuildConfiguration;
			buildSettings = {
				ALWAYS_EMBED_SWIFT_STANDARD_LIBRARIES = YES;
				CODE_SIGN_STYLE = Automatic;
				INFOPLIST_FILE = UITableViewUITests/Info.plist;
				LD_RUNPATH_SEARCH_PATHS = (
					"$(inherited)",
					"@executable_path/Frameworks",
					"@loader_path/Frameworks",
				);
				PRODUCT_BUNDLE_IDENTIFIER = sirius.UITableViewUITests;
				PRODUCT_NAME = "$(TARGET_NAME)";
				SWIFT_VERSION = 4.2;
				TARGETED_DEVICE_FAMILY = "1,2";
				TEST_TARGET_NAME = UITableView;
			};
			name = Release;
		};
/* End XCBuildConfiguration section */

/* Begin XCConfigurationList section */
		3619A2792216AF330071220F /* Build configuration list for PBXProject "UITableView" */ = {
			isa = XCConfigurationList;
			buildConfigurations = (
				3619A2A42216AF3D0071220F /* Debug */,
				3619A2A52216AF3D0071220F /* Release */,
			);
			defaultConfigurationIsVisible = 0;
			defaultConfigurationName = Release;
		};
		3619A2A62216AF3D0071220F /* Build configuration list for PBXNativeTarget "UITableView" */ = {
			isa = XCConfigurationList;
			buildConfigurations = (
				3619A2A72216AF3D0071220F /* Debug */,
				3619A2A82216AF3D0071220F /* Release */,
			);
			defaultConfigurationIsVisible = 0;
			defaultConfigurationName = Release;
		};
		3619A2A92216AF3D0071220F /* Build configuration list for PBXNativeTarget "UITableViewTests" */ = {
			isa = XCConfigurationList;
			buildConfigurations = (
				3619A2AA2216AF3D0071220F /* Debug */,
				3619A2AB2216AF3D0071220F /* Release */,
			);
			defaultConfigurationIsVisible = 0;
			defaultConfigurationName = Release;
		};
		3619A2AC2216AF3D0071220F /* Build configuration list for PBXNativeTarget "UITableViewUITests" */ = {
			isa = XCConfigurationList;
			buildConfigurations = (
				3619A2AD2216AF3D0071220F /* Debug */,
				3619A2AE2216AF3D0071220F /* Release */,
			);
			defaultConfigurationIsVisible = 0;
			defaultConfigurationName = Release;
		};
/* End XCConfigurationList section */
	};
	rootObject = 3619A2762216AF330071220F /* Project object */;
}
